
Microsoft Visual Studio Solution File, Format Version 12.00
# Visual Studio 15
VisualStudioVersion = 15.0.26430.14
MinimumVisualStudioVersion = 10.0.40219.1
Project("{FAE04EC0-301F-11D3-BF4B-00C04F79EFBC}") = "Useful.Extensions", "src\Useful.Extensions\Useful.Extensions.csproj", "{6EA34BAA-F1A6-4100-B2D4-50DEBD7C0B06}"
EndProject
Project("{2150E333-8FDC-42A3-9474-1A3956D46DE8}") = "src", "src", "{DD783FC9-100A-404E-818F-9158D039C044}"
EndProject
Project("{2150E333-8FDC-42A3-9474-1A3956D46DE8}") = "tests", "tests", "{FA0E4A6D-65BE-40CA-A94D-998C04950104}"
EndProject
Project("{FAE04EC0-301F-11D3-BF4B-00C04F79EFBC}") = "Useful.Extensions.Tests", "tests\Useful.Extensions.Tests\Useful.Extensions.Tests.csproj", "{03762749-7841-4998-ABCB-BC0E3DE1810C}"
EndProject
Project("{9A19103F-16F7-4668-BE54-9A1E7A4F7556}") = "_build", "build\_build.csproj", "{5972DD10-95E7-473F-984B-CDCEEB9E66C1}"
EndProject
Global
	GlobalSection(SolutionConfigurationPlatforms) = preSolution
		Debug|Any CPU = Debug|Any CPU
		Release|Any CPU = Release|Any CPU
	EndGlobalSection
	GlobalSection(ProjectConfigurationPlatforms) = postSolution
		{5972DD10-95E7-473F-984B-CDCEEB9E66C1}.Debug|Any CPU.ActiveCfg = Debug|Any CPU
		{5972DD10-95E7-473F-984B-CDCEEB9E66C1}.Release|Any CPU.ActiveCfg = Release|Any CPU
		{6EA34BAA-F1A6-4100-B2D4-50DEBD7C0B06}.Debug|Any CPU.ActiveCfg = Debug|Any CPU
		{6EA34BAA-F1A6-4100-B2D4-50DEBD7C0B06}.Debug|Any CPU.Build.0 = Debug|Any CPU
		{6EA34BAA-F1A6-4100-B2D4-50DEBD7C0B06}.Release|Any CPU.ActiveCfg = Release|Any CPU
		{6EA34BAA-F1A6-4100-B2D4-50DEBD7C0B06}.Release|Any CPU.Build.0 = Release|Any CPU
		{03762749-7841-4998-ABCB-BC0E3DE1810C}.Debug|Any CPU.ActiveCfg = Debug|Any CPU
		{03762749-7841-4998-ABCB-BC0E3DE1810C}.Debug|Any CPU.Build.0 = Debug|Any CPU
		{03762749-7841-4998-ABCB-BC0E3DE1810C}.Release|Any CPU.ActiveCfg = Release|Any CPU
		{03762749-7841-4998-ABCB-BC0E3DE1810C}.Release|Any CPU.Build.0 = Release|Any CPU
	EndGlobalSection
	GlobalSection(SolutionProperties) = preSolution
		HideSolutionNode = FALSE
	EndGlobalSection
	GlobalSection(NestedProjects) = preSolution
		{6EA34BAA-F1A6-4100-B2D4-50DEBD7C0B06} = {DD783FC9-100A-404E-818F-9158D039C044}
		{03762749-7841-4998-ABCB-BC0E3DE1810C} = {FA0E4A6D-65BE-40CA-A94D-998C04950104}
	EndGlobalSection
EndGlobal
